
Microsoft Visual Studio Solution File, Format Version 12.00
# Visual Studio Version 16
VisualStudioVersion = 16.0.28917.182
MinimumVisualStudioVersion = 10.0.40219.1
Project("{9A19103F-16F7-4668-BE54-9A1E7A4F7556}") = "Crumbs.Core", "src\Crumbs.Core\Crumbs.Core.csproj", "{2D31AB76-F1B0-4CA4-B512-14A3462812D8}"
EndProject
Project("{FAE04EC0-301F-11D3-BF4B-00C04F79EFBC}") = "Crumbs.Serializers.Json", "src\Crumbs.Serializers.Json\Crumbs.Serializers.Json.csproj", "{29A23E72-F78C-47B0-A08B-19EE728CA14A}"
EndProject
Project("{FAE04EC0-301F-11D3-BF4B-00C04F79EFBC}") = "Crumbs.History", "src\Crumbs.History\Crumbs.History.csproj", "{0847FEBA-8E29-4187-A3B1-4DBEC2515992}"
EndProject
Global
	GlobalSection(SolutionConfigurationPlatforms) = preSolution
		Debug|Any CPU = Debug|Any CPU
		Release|Any CPU = Release|Any CPU
	EndGlobalSection
	GlobalSection(ProjectConfigurationPlatforms) = postSolution
		{2D31AB76-F1B0-4CA4-B512-14A3462812D8}.Debug|Any CPU.ActiveCfg = Debug|Any CPU
		{2D31AB76-F1B0-4CA4-B512-14A3462812D8}.Debug|Any CPU.Build.0 = Debug|Any CPU
		{2D31AB76-F1B0-4CA4-B512-14A3462812D8}.Release|Any CPU.ActiveCfg = Release|Any CPU
		{2D31AB76-F1B0-4CA4-B512-14A3462812D8}.Release|Any CPU.Build.0 = Release|Any CPU
		{29A23E72-F78C-47B0-A08B-19EE728CA14A}.Debug|Any CPU.ActiveCfg = Debug|Any CPU
		{29A23E72-F78C-47B0-A08B-19EE728CA14A}.Debug|Any CPU.Build.0 = Debug|Any CPU
		{29A23E72-F78C-47B0-A08B-19EE728CA14A}.Release|Any CPU.ActiveCfg = Release|Any CPU
		{29A23E72-F78C-47B0-A08B-19EE728CA14A}.Release|Any CPU.Build.0 = Release|Any CPU
		{0847FEBA-8E29-4187-A3B1-4DBEC2515992}.Debug|Any CPU.ActiveCfg = Debug|Any CPU
		{0847FEBA-8E29-4187-A3B1-4DBEC2515992}.Debug|Any CPU.Build.0 = Debug|Any CPU
		{0847FEBA-8E29-4187-A3B1-4DBEC2515992}.Release|Any CPU.ActiveCfg = Release|Any CPU
		{0847FEBA-8E29-4187-A3B1-4DBEC2515992}.Release|Any CPU.Build.0 = Release|Any CPU
	EndGlobalSection
	GlobalSection(SolutionProperties) = preSolution
		HideSolutionNode = FALSE
	EndGlobalSection
	GlobalSection(ExtensibilityGlobals) = postSolution
		SolutionGuid = {C8666A6E-4C15-4226-B598-3D29BB26D6EF}
	EndGlobalSection
EndGlobal
